
Microsoft Visual Studio Solution File, Format Version 12.00
# Visual Studio Version 17
VisualStudioVersion = 17.2.32616.157
MinimumVisualStudioVersion = 10.0.40219.1
Project("{9A19103F-16F7-4668-BE54-9A1E7A4F7556}") = "unit-testing-using-nunit", "unit-testing-using-nunit\unit-testing-using-nunit.csproj", "{2EDA5D02-5D54-43A4-BF3F-36BD8436F8CB}"
EndProject
Project("{FAE04EC0-301F-11D3-BF4B-00C04F79EFBC}") = "PrimeService.Tests", "PrimeService.Tests\PrimeService.Tests.csproj", "{FF2E2B60-1386-4641-8CA9-B37C9009D583}"
EndProject
Global
	GlobalSection(SolutionConfigurationPlatforms) = preSolution
		Debug|Any CPU = Debug|Any CPU
		Release|Any CPU = Release|Any CPU
	EndGlobalSection
	GlobalSection(ProjectConfigurationPlatforms) = postSolution
		{2EDA5D02-5D54-43A4-BF3F-36BD8436F8CB}.Debug|Any CPU.ActiveCfg = Debug|Any CPU
		{2EDA5D02-5D54-43A4-BF3F-36BD8436F8CB}.Debug|Any CPU.Build.0 = Debug|Any CPU
		{2EDA5D02-5D54-43A4-BF3F-36BD8436F8CB}.Release|Any CPU.ActiveCfg = Release|Any CPU
		{2EDA5D02-5D54-43A4-BF3F-36BD8436F8CB}.Release|Any CPU.Build.0 = Release|Any CPU
		{FF2E2B60-1386-4641-8CA9-B37C9009D583}.Debug|Any CPU.ActiveCfg = Debug|Any CPU
		{FF2E2B60-1386-4641-8CA9-B37C9009D583}.Debug|Any CPU.Build.0 = Debug|Any CPU
		{FF2E2B60-1386-4641-8CA9-B37C9009D583}.Release|Any CPU.ActiveCfg = Release|Any CPU
		{FF2E2B60-1386-4641-8CA9-B37C9009D583}.Release|Any CPU.Build.0 = Release|Any CPU
	EndGlobalSection
	GlobalSection(SolutionProperties) = preSolution
		HideSolutionNode = FALSE
	EndGlobalSection
	GlobalSection(ExtensibilityGlobals) = postSolution
		SolutionGuid = {B929B6F2-238B-4D0A-A808-B6349C82693D}
	EndGlobalSection
EndGlobal
